// !$*UTF8*$!
{
	archiveVersion = 1;
	classes = {
	};
	objectVersion = 60;
	objects = {

/* Begin PBXBuildFile section */
		2B41B9F0EEE22F6136A2768B /* DemoApp.swift in Sources */ = {isa = PBXBuildFile; fileRef = 2C5CF483C76C6287D830EF45 /* DemoApp.swift */; };
		E843A13DFE63950E5AE5413E /* VendorContainment in Frameworks */ = {isa = PBXBuildFile; productRef = 0019F8FC6C3F6397A5BA8AC1 /* VendorContainment */; };
		A8A5A3857729FB5F1862D4E2 /* VendorContainmentUI in Frameworks */ = {isa = PBXBuildFile; productRef = C89289246AB49AC4858CA74C /* VendorContainmentUI */; };
/* End PBXBuildFile section */

/* Begin PBXFileReference section */
		2C5CF483C76C6287D830EF45 /* DemoApp.swift */ = {isa = PBXFileReference; lastKnownFileType = sourcecode.swift; path = DemoApp.swift; sourceTree = "<group>"; };
		97C49B2469A160E4FE0B2E70 /* Demo.app */ = {isa = PBXFileReference; explicitFileType = wrapper.application; includeInIndex = 0; path = Demo.app; sourceTree = BUILT_PRODUCTS_DIR; };
/* End PBXFileReference section */

/* Begin PBXFrameworksBuildPhase section */
		39B62F8E50D1C338E9141FF7 /* Frameworks */ = {
			isa = PBXFrameworksBuildPhase;
			buildActionMask = 2147483647;
			files = (
				E843A13DFE63950E5AE5413E /* VendorContainment in Frameworks */,
				A8A5A3857729FB5F1862D4E2 /* VendorContainmentUI in Frameworks */,
			);
			runOnlyForDeploymentPostprocessing = 0;
		};
/* End PBXFrameworksBuildPhase section */

/* Begin PBXGroup section */
		12960623A1A3481A65C29824 = {
			isa = PBXGroup;
			children = (
				B680356DA8B3ADA5A6904320 /* Demo */,
				16395139B6FBDCEA3BF9B763 /* Products */,
			);
			sourceTree = "<group>";
		};
		B680356DA8B3ADA5A6904320 /* Demo */ = {
			isa = PBXGroup;
			children = (
				2C5CF483C76C6287D830EF45 /* DemoApp.swift */,
			);
			path = Demo;
			sourceTree = "<group>";
		};
		16395139B6FBDCEA3BF9B763 /* Products */ = {
			isa = PBXGroup;
			children = (
				97C49B2469A160E4FE0B2E70 /* Demo.app */,
			);
			name = Products;
			sourceTree = "<group>";
		};
/* End PBXGroup section */

/* Begin PBXNativeTarget section */
		5181F5D15535E0BE51F7B2D9 /* Demo */ = {
			isa = PBXNativeTarget;
			buildConfigurationList = 9EF59BC27A1EBB47759D855E /* Build configuration list for PBXNativeTarget "Demo" */;
			buildPhases = (
				52611B0977DBD604557AC8DB /* Sources */,
				39B62F8E50D1C338E9141FF7 /* Frameworks */,
				33AFE4B1B450A843829825FB /* Resources */,
			);
			buildRules = (
			);
			dependencies = (
			);
			name = Demo;
			packageProductDependencies = (
				0019F8FC6C3F6397A5BA8AC1 /* VendorContainment */,
				C89289246AB49AC4858CA74C /* VendorContainmentUI */,
			);
			productName = Demo;
			productReference = 97C49B2469A160E4FE0B2E70 /* Demo.app */;
			productType = "com.apple.product-type.application";
		};
/* End PBXNativeTarget section */

/* Begin PBXProject section */
		45C72D8F87AEA9AB6C3DE2E5 /* Project object */ = {
			isa = PBXProject;
			attributes = {
				BuildIndependentTargetsInParallel = 1;
				LastSwiftUpdateCheck = 1600;
				LastUpgradeCheck = 1600;
				TargetAttributes = {
					5181F5D15535E0BE51F7B2D9 = {
						CreatedOnToolsVersion = 16.0;
					};
				};
			};
			buildConfigurationList = E7CCC7145A4D3692C78D7CF0 /* Build configuration list for PBXProject "Demo" */;
			compatibilityVersion = "Xcode 15.0";
			developmentRegion = en;
			hasScannedForEncodings = 0;
			knownRegions = (
				en,
				Base,
			);
			mainGroup = 12960623A1A3481A65C29824;
			packageReferences = (
				78B813A6BE47640D81D60E38 /* XCRemoteSwiftPackageReference "vendor-sdk-containment-kit" */,
			);
			productRefGroup = 16395139B6FBDCEA3BF9B763 /* Products */;
			projectDirPath = "";
			projectRoot = "";
			targets = (
				5181F5D15535E0BE51F7B2D9 /* Demo */,
			);
		};
/* End PBXProject section */

/* Begin PBXResourcesBuildPhase section */
		33AFE4B1B450A843829825FB /* Resources */ = {
			isa = PBXResourcesBuildPhase;
			buildActionMask = 2147483647;
			files = (
			);
			runOnlyForDeploymentPostprocessing = 0;
		};
/* End PBXResourcesBuildPhase section */

/* Begin PBXSourcesBuildPhase section */
		52611B0977DBD604557AC8DB /* Sources */ = {
			isa = PBXSourcesBuildPhase;
			buildActionMask = 2147483647;
			files = (
				2B41B9F0EEE22F6136A2768B /* DemoApp.swift in Sources */,
			);
			runOnlyForDeploymentPostprocessing = 0;
		};
/* End PBXSourcesBuildPhase section */

/* Begin XCBuildConfiguration section */
		CB5908064E69E7A928762D4F /* Debug */ = {
			isa = XCBuildConfiguration;
			buildSettings = {
				ALWAYS_SEARCH_USER_PATHS = NO;
				CLANG_ENABLE_MODULES = YES;
				CLANG_ENABLE_OBJC_ARC = YES;
				COPY_PHASE_STRIP = NO;
				ENABLE_STRICT_OBJC_MSGSEND = YES;
				ENABLE_USER_SCRIPT_SANDBOXING = YES;
				GCC_NO_COMMON_BLOCKS = YES;
				IPHONEOS_DEPLOYMENT_TARGET = 17.0;
				SDKROOT = iphoneos;
				DEBUG_INFORMATION_FORMAT = dwarf;
				ENABLE_TESTABILITY = YES;
				GCC_OPTIMIZATION_LEVEL = 0;
				ONLY_ACTIVE_ARCH = YES;
				SWIFT_ACTIVE_COMPILATION_CONDITIONS = "DEBUG $(inherited)";
				SWIFT_OPTIMIZATION_LEVEL = "-Onone";
			};
			name = Debug;
		};
		4C21F9F4C54D21A26B8C1A1E /* Release */ = {
			isa = XCBuildConfiguration;
			buildSettings = {
				ALWAYS_SEARCH_USER_PATHS = NO;
				CLANG_ENABLE_MODULES = YES;
				CLANG_ENABLE_OBJC_ARC = YES;
				COPY_PHASE_STRIP = NO;
				ENABLE_STRICT_OBJC_MSGSEND = YES;
				ENABLE_USER_SCRIPT_SANDBOXING = YES;
				GCC_NO_COMMON_BLOCKS = YES;
				IPHONEOS_DEPLOYMENT_TARGET = 17.0;
				SDKROOT = iphoneos;
				DEBUG_INFORMATION_FORMAT = "dwarf-with-dsym";
				SWIFT_COMPILATION_MODE = wholemodule;
				VALIDATE_PRODUCT = YES;
			};
			name = Release;
		};
		A0EFA188935AAA85F1991158 /* Debug */ = {
			isa = XCBuildConfiguration;
			buildSettings = {
				CODE_SIGN_STYLE = Automatic;
				CURRENT_PROJECT_VERSION = 1;
				ENABLE_PREVIEWS = YES;
				GENERATE_INFOPLIST_FILE = YES;
				INFOPLIST_KEY_CFBundleDisplayName = "SDK Containment";
				INFOPLIST_KEY_UIApplicationSceneManifest_Generation = YES;
				INFOPLIST_KEY_UIApplicationSupportsIndirectInputEvents = YES;
				INFOPLIST_KEY_UILaunchScreen_Generation = YES;
				INFOPLIST_KEY_UISupportedInterfaceOrientations_iPad = "UIInterfaceOrientationPortrait UIInterfaceOrientationPortraitUpsideDown UIInterfaceOrientationLandscapeLeft UIInterfaceOrientationLandscapeRight";
				INFOPLIST_KEY_UISupportedInterfaceOrientations_iPhone = "UIInterfaceOrientationPortrait UIInterfaceOrientationLandscapeLeft UIInterfaceOrientationLandscapeRight";
				IPHONEOS_DEPLOYMENT_TARGET = 17.0;
				LD_RUNPATH_SEARCH_PATHS = (
					"$(inherited)",
					"@executable_path/Frameworks",
				);
				MARKETING_VERSION = 1.0;
				PRODUCT_BUNDLE_IDENTIFIER = com.rajatlakhina.VendorContainmentDemo;
				PRODUCT_NAME = "$(TARGET_NAME)";
				SDKROOT = iphoneos;
				SWIFT_EMIT_LOC_STRINGS = YES;
				SWIFT_VERSION = 6.0;
				TARGETED_DEVICE_FAMILY = "1,2";
			};
			name = Debug;
		};
		8925B2313903B2F73807F9C1 /* Release */ = {
			isa = XCBuildConfiguration;
			buildSettings = {
				CODE_SIGN_STYLE = Automatic;
				CURRENT_PROJECT_VERSION = 1;
				ENABLE_PREVIEWS = YES;
				GENERATE_INFOPLIST_FILE = YES;
				INFOPLIST_KEY_CFBundleDisplayName = "SDK Containment";
				INFOPLIST_KEY_UIApplicationSceneManifest_Generation = YES;
				INFOPLIST_KEY_UIApplicationSupportsIndirectInputEvents = YES;
				INFOPLIST_KEY_UILaunchScreen_Generation = YES;
				INFOPLIST_KEY_UISupportedInterfaceOrientations_iPad = "UIInterfaceOrientationPortrait UIInterfaceOrientationPortraitUpsideDown UIInterfaceOrientationLandscapeLeft UIInterfaceOrientationLandscapeRight";
				INFOPLIST_KEY_UISupportedInterfaceOrientations_iPhone = "UIInterfaceOrientationPortrait UIInterfaceOrientationLandscapeLeft UIInterfaceOrientationLandscapeRight";
				IPHONEOS_DEPLOYMENT_TARGET = 17.0;
				LD_RUNPATH_SEARCH_PATHS = (
					"$(inherited)",
					"@executable_path/Frameworks",
				);
				MARKETING_VERSION = 1.0;
				PRODUCT_BUNDLE_IDENTIFIER = com.rajatlakhina.VendorContainmentDemo;
				PRODUCT_NAME = "$(TARGET_NAME)";
				SDKROOT = iphoneos;
				SWIFT_EMIT_LOC_STRINGS = YES;
				SWIFT_VERSION = 6.0;
				TARGETED_DEVICE_FAMILY = "1,2";
			};
			name = Release;
		};
/* End XCBuildConfiguration section */

/* Begin XCConfigurationList section */
		E7CCC7145A4D3692C78D7CF0 /* Build configuration list for PBXProject "Demo" */ = {
			isa = XCConfigurationList;
			buildConfigurations = (
				CB5908064E69E7A928762D4F /* Debug */,
				4C21F9F4C54D21A26B8C1A1E /* Release */,
			);
			defaultConfigurationIsVisible = 0;
			defaultConfigurationName = Release;
		};
		9EF59BC27A1EBB47759D855E /* Build configuration list for PBXNativeTarget "Demo" */ = {
			isa = XCConfigurationList;
			buildConfigurations = (
				A0EFA188935AAA85F1991158 /* Debug */,
				8925B2313903B2F73807F9C1 /* Release */,
			);
			defaultConfigurationIsVisible = 0;
			defaultConfigurationName = Release;
		};
/* End XCConfigurationList section */

/* Begin XCRemoteSwiftPackageReference section */
		78B813A6BE47640D81D60E38 /* XCRemoteSwiftPackageReference "vendor-sdk-containment-kit" */ = {
			isa = XCRemoteSwiftPackageReference;
			repositoryURL = "https://github.com/rajatslakhina/vendor-sdk-containment-kit";
			requirement = {
				kind = upToNextMajorVersion;
				minimumVersion = 1.0.1;
			};
		};
/* End XCRemoteSwiftPackageReference section */

/* Begin XCSwiftPackageProductDependency section */
		0019F8FC6C3F6397A5BA8AC1 /* VendorContainment */ = {
			isa = XCSwiftPackageProductDependency;
			package = 78B813A6BE47640D81D60E38 /* XCRemoteSwiftPackageReference "vendor-sdk-containment-kit" */;
			productName = VendorContainment;
		};
		C89289246AB49AC4858CA74C /* VendorContainmentUI */ = {
			isa = XCSwiftPackageProductDependency;
			package = 78B813A6BE47640D81D60E38 /* XCRemoteSwiftPackageReference "vendor-sdk-containment-kit" */;
			productName = VendorContainmentUI;
		};
/* End XCSwiftPackageProductDependency section */
	};
	rootObject = 45C72D8F87AEA9AB6C3DE2E5 /* Project object */;
}
